
Microsoft Visual Studio Solution File, Format Version 12.00
# Visual Studio Version 17
VisualStudioVersion = 17.4.33403.182
MinimumVisualStudioVersion = 10.0.40219.1
Project("{9A19103F-16F7-4668-BE54-9A1E7A4F7556}") = "VariableHW2", "ConsoleAppLearnCSharp\VariableHW2.csproj", "{C1D5C0DB-B482-4363-9C13-DD4DAAD14E33}"
EndProject
Project("{9A19103F-16F7-4668-BE54-9A1E7A4F7556}") = "DecisionsAndLoopsHW3", "DecisionsAndLoopsHW3\DecisionsAndLoopsHW3.csproj", "{CF3B4276-02BC-4662-986F-148B4F6BB3C1}"
EndProject
Project("{FAE04EC0-301F-11D3-BF4B-00C04F79EFBC}") = "MethodsHW4", "MethodsHW4\MethodsHW4.csproj", "{2BFDD19C-F424-400C-B38F-78AD560295AA}"
EndProject
Project("{FAE04EC0-301F-11D3-BF4B-00C04F79EFBC}") = "OOP", "OOP\OOP.csproj", "{F2B459B9-1755-48F1-8982-4B518F23D094}"
EndProject
Global
	GlobalSection(SolutionConfigurationPlatforms) = preSolution
		Debug|Any CPU = Debug|Any CPU
		Release|Any CPU = Release|Any CPU
	EndGlobalSection
	GlobalSection(ProjectConfigurationPlatforms) = postSolution
		{C1D5C0DB-B482-4363-9C13-DD4DAAD14E33}.Debug|Any CPU.ActiveCfg = Debug|Any CPU
		{C1D5C0DB-B482-4363-9C13-DD4DAAD14E33}.Debug|Any CPU.Build.0 = Debug|Any CPU
		{C1D5C0DB-B482-4363-9C13-DD4DAAD14E33}.Release|Any CPU.ActiveCfg = Release|Any CPU
		{C1D5C0DB-B482-4363-9C13-DD4DAAD14E33}.Release|Any CPU.Build.0 = Release|Any CPU
		{CF3B4276-02BC-4662-986F-148B4F6BB3C1}.Debug|Any CPU.ActiveCfg = Debug|Any CPU
		{CF3B4276-02BC-4662-986F-148B4F6BB3C1}.Debug|Any CPU.Build.0 = Debug|Any CPU
		{CF3B4276-02BC-4662-986F-148B4F6BB3C1}.Release|Any CPU.ActiveCfg = Release|Any CPU
		{CF3B4276-02BC-4662-986F-148B4F6BB3C1}.Release|Any CPU.Build.0 = Release|Any CPU
		{2BFDD19C-F424-400C-B38F-78AD560295AA}.Debug|Any CPU.ActiveCfg = Debug|Any CPU
		{2BFDD19C-F424-400C-B38F-78AD560295AA}.Debug|Any CPU.Build.0 = Debug|Any CPU
		{2BFDD19C-F424-400C-B38F-78AD560295AA}.Release|Any CPU.ActiveCfg = Release|Any CPU
		{2BFDD19C-F424-400C-B38F-78AD560295AA}.Release|Any CPU.Build.0 = Release|Any CPU
		{F2B459B9-1755-48F1-8982-4B518F23D094}.Debug|Any CPU.ActiveCfg = Debug|Any CPU
		{F2B459B9-1755-48F1-8982-4B518F23D094}.Debug|Any CPU.Build.0 = Debug|Any CPU
		{F2B459B9-1755-48F1-8982-4B518F23D094}.Release|Any CPU.ActiveCfg = Release|Any CPU
		{F2B459B9-1755-48F1-8982-4B518F23D094}.Release|Any CPU.Build.0 = Release|Any CPU
	EndGlobalSection
	GlobalSection(SolutionProperties) = preSolution
		HideSolutionNode = FALSE
	EndGlobalSection
	GlobalSection(ExtensibilityGlobals) = postSolution
		SolutionGuid = {87AA1077-3011-4D36-8822-1F2B4064AC60}
	EndGlobalSection
EndGlobal
